
Microsoft Visual Studio Solution File, Format Version 12.00
# Visual Studio Version 17
VisualStudioVersion = 17.5.33530.505
MinimumVisualStudioVersion = 10.0.40219.1
Project("{FAE04EC0-301F-11D3-BF4B-00C04F79EFBC}") = "Automation.Framework.Core.WebUI", "..\Automation.Framework\Automation.Framework.Core.WebUI\Automation.Framework.Core.WebUI.csproj", "{3A501ABB-0EB0-4F8B-ABD7-B8B2058907D8}"
EndProject
Project("{FAE04EC0-301F-11D3-BF4B-00C04F79EFBC}") = "AutomationRunner", "..\Automation.Framework\AutomationRunner\AutomationRunner.csproj", "{1DE56495-3C8E-4EA2-BC77-09C67CBD6212}"
EndProject
Global
	GlobalSection(SolutionConfigurationPlatforms) = preSolution
		Debug|Any CPU = Debug|Any CPU
		Release|Any CPU = Release|Any CPU
	EndGlobalSection
	GlobalSection(ProjectConfigurationPlatforms) = postSolution
		{3A501ABB-0EB0-4F8B-ABD7-B8B2058907D8}.Debug|Any CPU.ActiveCfg = Debug|Any CPU
		{3A501ABB-0EB0-4F8B-ABD7-B8B2058907D8}.Debug|Any CPU.Build.0 = Debug|Any CPU
		{3A501ABB-0EB0-4F8B-ABD7-B8B2058907D8}.Release|Any CPU.ActiveCfg = Release|Any CPU
		{3A501ABB-0EB0-4F8B-ABD7-B8B2058907D8}.Release|Any CPU.Build.0 = Release|Any CPU
		{1DE56495-3C8E-4EA2-BC77-09C67CBD6212}.Debug|Any CPU.ActiveCfg = Debug|Any CPU
		{1DE56495-3C8E-4EA2-BC77-09C67CBD6212}.Debug|Any CPU.Build.0 = Debug|Any CPU
		{1DE56495-3C8E-4EA2-BC77-09C67CBD6212}.Release|Any CPU.ActiveCfg = Release|Any CPU
		{1DE56495-3C8E-4EA2-BC77-09C67CBD6212}.Release|Any CPU.Build.0 = Release|Any CPU
	EndGlobalSection
	GlobalSection(SolutionProperties) = preSolution
		HideSolutionNode = FALSE
	EndGlobalSection
	GlobalSection(ExtensibilityGlobals) = postSolution
		SolutionGuid = {845DEF60-57C6-4C76-B1E9-1D4DB1350183}
	EndGlobalSection
EndGlobal
